
Microsoft Visual Studio Solution File, Format Version 12.00
# Visual Studio Version 17
VisualStudioVersion = 17.7.34202.233
MinimumVisualStudioVersion = 10.0.40219.1
Project("{9A19103F-16F7-4668-BE54-9A1E7A4F7556}") = "NeuralNetworkCore", "NeuralNetworkCore\NeuralNetworkCore.csproj", "{2E31B184-2465-4685-9760-721B34FD558A}"
EndProject
Project("{9A19103F-16F7-4668-BE54-9A1E7A4F7556}") = "TestTrain", "TestTrain\TestTrain.csproj", "{EF0DB0F9-CB5D-4BFF-B3A1-60D20C50D356}"
EndProject
Project("{FAE04EC0-301F-11D3-BF4B-00C04F79EFBC}") = "TestPrediction", "TestPrediction\TestPrediction.csproj", "{6BAEE74F-3421-461C-B2BD-E71248988ED2}"
EndProject
Global
	GlobalSection(SolutionConfigurationPlatforms) = preSolution
		Debug|Any CPU = Debug|Any CPU
		Release|Any CPU = Release|Any CPU
	EndGlobalSection
	GlobalSection(ProjectConfigurationPlatforms) = postSolution
		{2E31B184-2465-4685-9760-721B34FD558A}.Debug|Any CPU.ActiveCfg = Debug|Any CPU
		{2E31B184-2465-4685-9760-721B34FD558A}.Debug|Any CPU.Build.0 = Debug|Any CPU
		{2E31B184-2465-4685-9760-721B34FD558A}.Release|Any CPU.ActiveCfg = Release|Any CPU
		{2E31B184-2465-4685-9760-721B34FD558A}.Release|Any CPU.Build.0 = Release|Any CPU
		{EF0DB0F9-CB5D-4BFF-B3A1-60D20C50D356}.Debug|Any CPU.ActiveCfg = Debug|Any CPU
		{EF0DB0F9-CB5D-4BFF-B3A1-60D20C50D356}.Debug|Any CPU.Build.0 = Debug|Any CPU
		{EF0DB0F9-CB5D-4BFF-B3A1-60D20C50D356}.Release|Any CPU.ActiveCfg = Release|Any CPU
		{EF0DB0F9-CB5D-4BFF-B3A1-60D20C50D356}.Release|Any CPU.Build.0 = Release|Any CPU
		{6BAEE74F-3421-461C-B2BD-E71248988ED2}.Debug|Any CPU.ActiveCfg = Debug|Any CPU
		{6BAEE74F-3421-461C-B2BD-E71248988ED2}.Debug|Any CPU.Build.0 = Debug|Any CPU
		{6BAEE74F-3421-461C-B2BD-E71248988ED2}.Release|Any CPU.ActiveCfg = Release|Any CPU
		{6BAEE74F-3421-461C-B2BD-E71248988ED2}.Release|Any CPU.Build.0 = Release|Any CPU
	EndGlobalSection
	GlobalSection(SolutionProperties) = preSolution
		HideSolutionNode = FALSE
	EndGlobalSection
	GlobalSection(ExtensibilityGlobals) = postSolution
		SolutionGuid = {195C7240-A197-47FF-91BC-0ACF04C8E27F}
	EndGlobalSection
EndGlobal
